// !$*UTF8*$!
{
	archiveVersion = 1;
	classes = {
	};
	objectVersion = 56;
	objects = {

/* Begin PBXBuildFile section */
		913873CF28926D6200084AF7 /* Localizable.strings in Resources */ = {isa = PBXBuildFile; fileRef = 913873D128926D6200084AF7 /* Localizable.strings */; };
		913873D728926DDC00084AF7 /* InfoPlist.strings in Resources */ = {isa = PBXBuildFile; fileRef = 913873D928926DDC00084AF7 /* InfoPlist.strings */; };
		91405900287372E300D25870 /* WidgetKit.framework in Frameworks */ = {isa = PBXBuildFile; fileRef = 914058FF287372E300D25870 /* WidgetKit.framework */; };
		91405902287372E300D25870 /* SwiftUI.framework in Frameworks */ = {isa = PBXBuildFile; fileRef = 91405901287372E300D25870 /* SwiftUI.framework */; };
		91405905287372E300D25870 /* ZstuRunnerWidget.swift in Sources */ = {isa = PBXBuildFile; fileRef = 91405904287372E300D25870 /* ZstuRunnerWidget.swift */; };
		91405908287372E500D25870 /* Assets.xcassets in Resources */ = {isa = PBXBuildFile; fileRef = 91405907287372E500D25870 /* Assets.xcassets */; };
		9140590A287372E500D25870 /* ZstuRunnerWidget.intentdefinition in Sources */ = {isa = PBXBuildFile; fileRef = 91405906287372E300D25870 /* ZstuRunnerWidget.intentdefinition */; };
		9140590B287372E500D25870 /* ZstuRunnerWidget.intentdefinition in Sources */ = {isa = PBXBuildFile; fileRef = 91405906287372E300D25870 /* ZstuRunnerWidget.intentdefinition */; };
		9140590E287372E500D25870 /* ZstuRunnerWidgetExtension.appex in Embed Foundation Extensions */ = {isa = PBXBuildFile; fileRef = 914058FD287372E300D25870 /* ZstuRunnerWidgetExtension.appex */; platformFilter = ios; settings = {ATTRIBUTES = (RemoveHeadersOnCopy, ); }; };
		9155EBE3289175DC0005E88D /* ElecServiceView.swift in Sources */ = {isa = PBXBuildFile; fileRef = 9155EBE2289175DC0005E88D /* ElecServiceView.swift */; };
		917C4DCE288CFEB4003326FA /* QRCode in Frameworks */ = {isa = PBXBuildFile; productRef = 917C4DCD288CFEB4003326FA /* QRCode */; };
		91833B44285790BB008C0E65 /* TechRunnerView.swift in Sources */ = {isa = PBXBuildFile; fileRef = 91833B43285790BB008C0E65 /* TechRunnerView.swift */; };
		9184D6542879014C00DF9A67 /* RunnerView.swift in Sources */ = {isa = PBXBuildFile; fileRef = 9184D6532879014C00DF9A67 /* RunnerView.swift */; };
		91A068C02857742D00F3FBF0 /* Gzip in Frameworks */ = {isa = PBXBuildFile; productRef = 91A068BF2857742D00F3FBF0 /* Gzip */; };
		91B1E89D28735292002CE67B /* QRCodeView.swift in Sources */ = {isa = PBXBuildFile; fileRef = 91B1E89C28735292002CE67B /* QRCodeView.swift */; };
		91B1E8A128735946002CE67B /* sample.jpeg in Resources */ = {isa = PBXBuildFile; fileRef = 91B1E8A028735946002CE67B /* sample.jpeg */; };
		91D6B819286C7266006A1789 /* LocationManager.swift in Sources */ = {isa = PBXBuildFile; fileRef = 91D6B818286C7266006A1789 /* LocationManager.swift */; };
		91DC4111287483670042C255 /* DashboardPanelView.swift in Sources */ = {isa = PBXBuildFile; fileRef = 91DC4110287483670042C255 /* DashboardPanelView.swift */; };
		91DC4113287483F10042C255 /* DataUpload.swift in Sources */ = {isa = PBXBuildFile; fileRef = 91DC4112287483F10042C255 /* DataUpload.swift */; };
		91F9929628575F3600745F77 /* ZstuRunnerApp.swift in Sources */ = {isa = PBXBuildFile; fileRef = 91F9929528575F3600745F77 /* ZstuRunnerApp.swift */; };
		91F9929828575F3600745F77 /* ContentView.swift in Sources */ = {isa = PBXBuildFile; fileRef = 91F9929728575F3600745F77 /* ContentView.swift */; };
		91F9929A28575F3700745F77 /* Assets.xcassets in Resources */ = {isa = PBXBuildFile; fileRef = 91F9929928575F3700745F77 /* Assets.xcassets */; };
		91F9929D28575F3700745F77 /* Preview Assets.xcassets in Resources */ = {isa = PBXBuildFile; fileRef = 91F9929C28575F3700745F77 /* Preview Assets.xcassets */; };
		91F992A728575F3800745F77 /* ZstuRunnerTests.swift in Sources */ = {isa = PBXBuildFile; fileRef = 91F992A628575F3800745F77 /* ZstuRunnerTests.swift */; };
		91F992B128575F3800745F77 /* ZstuRunnerUITests.swift in Sources */ = {isa = PBXBuildFile; fileRef = 91F992B028575F3800745F77 /* ZstuRunnerUITests.swift */; };
		91F992B328575F3800745F77 /* ZstuRunnerUITestsLaunchTests.swift in Sources */ = {isa = PBXBuildFile; fileRef = 91F992B228575F3800745F77 /* ZstuRunnerUITestsLaunchTests.swift */; };
/* End PBXBuildFile section */

/* Begin PBXContainerItemProxy section */
		9140590C287372E500D25870 /* PBXContainerItemProxy */ = {
			isa = PBXContainerItemProxy;
			containerPortal = 91F9928A28575F3600745F77 /* Project object */;
			proxyType = 1;
			remoteGlobalIDString = 914058FC287372E300D25870;
			remoteInfo = ZstuRunnerWidgetExtension;
		};
		91F992A328575F3800745F77 /* PBXContainerItemProxy */ = {
			isa = PBXContainerItemProxy;
			containerPortal = 91F9928A28575F3600745F77 /* Project object */;
			proxyType = 1;
			remoteGlobalIDString = 91F9929128575F3600745F77;
			remoteInfo = ZstuRunner;
		};
		91F992AD28575F3800745F77 /* PBXContainerItemProxy */ = {
			isa = PBXContainerItemProxy;
			containerPortal = 91F9928A28575F3600745F77 /* Project object */;
			proxyType = 1;
			remoteGlobalIDString = 91F9929128575F3600745F77;
			remoteInfo = ZstuRunner;
		};
/* End PBXContainerItemProxy section */

/* Begin PBXCopyFilesBuildPhase section */
		9140590F287372E500D25870 /* Embed Foundation Extensions */ = {
			isa = PBXCopyFilesBuildPhase;
			buildActionMask = 2147483647;
			dstPath = "";
			dstSubfolderSpec = 13;
			files = (
				9140590E287372E500D25870 /* ZstuRunnerWidgetExtension.appex in Embed Foundation Extensions */,
			);
			name = "Embed Foundation Extensions";
			runOnlyForDeploymentPostprocessing = 0;
		};
/* End PBXCopyFilesBuildPhase section */

/* Begin PBXFileReference section */
		913873D028926D6200084AF7 /* en */ = {isa = PBXFileReference; lastKnownFileType = text.plist.strings; name = en; path = en.lproj/Localizable.strings; sourceTree = "<group>"; };
		913873D228926D6500084AF7 /* zh-Hans */ = {isa = PBXFileReference; lastKnownFileType = text.plist.strings; name = "zh-Hans"; path = "zh-Hans.lproj/Localizable.strings"; sourceTree = "<group>"; };
		913873D828926DDC00084AF7 /* en */ = {isa = PBXFileReference; lastKnownFileType = text.plist.strings; name = en; path = en.lproj/InfoPlist.strings; sourceTree = "<group>"; };
		913873DA28926DDF00084AF7 /* zh-Hans */ = {isa = PBXFileReference; lastKnownFileType = text.plist.strings; name = "zh-Hans"; path = "zh-Hans.lproj/InfoPlist.strings"; sourceTree = "<group>"; };
		914058FD287372E300D25870 /* ZstuRunnerWidgetExtension.appex */ = {isa = PBXFileReference; explicitFileType = "wrapper.app-extension"; includeInIndex = 0; path = ZstuRunnerWidgetExtension.appex; sourceTree = BUILT_PRODUCTS_DIR; };
		914058FF287372E300D25870 /* WidgetKit.framework */ = {isa = PBXFileReference; lastKnownFileType = wrapper.framework; name = WidgetKit.framework; path = System/Library/Frameworks/WidgetKit.framework; sourceTree = SDKROOT; };
		91405901287372E300D25870 /* SwiftUI.framework */ = {isa = PBXFileReference; lastKnownFileType = wrapper.framework; name = SwiftUI.framework; path = System/Library/Frameworks/SwiftUI.framework; sourceTree = SDKROOT; };
		91405904287372E300D25870 /* ZstuRunnerWidget.swift */ = {isa = PBXFileReference; lastKnownFileType = sourcecode.swift; path = ZstuRunnerWidget.swift; sourceTree = "<group>"; };
		91405906287372E300D25870 /* ZstuRunnerWidget.intentdefinition */ = {isa = PBXFileReference; lastKnownFileType = file.intentdefinition; path = ZstuRunnerWidget.intentdefinition; sourceTree = "<group>"; };
		91405907287372E500D25870 /* Assets.xcassets */ = {isa = PBXFileReference; lastKnownFileType = folder.assetcatalog; path = Assets.xcassets; sourceTree = "<group>"; };
		91405909287372E500D25870 /* Info.plist */ = {isa = PBXFileReference; lastKnownFileType = text.plist.xml; path = Info.plist; sourceTree = "<group>"; };
		9140591328737D5E00D25870 /* Info.plist */ = {isa = PBXFileReference; lastKnownFileType = text.plist; path = Info.plist; sourceTree = "<group>"; };
		9140AC55287D1073000B90B8 /* ZstuRunner.entitlements */ = {isa = PBXFileReference; lastKnownFileType = text.plist.entitlements; path = ZstuRunner.entitlements; sourceTree = "<group>"; };
		9140AC56287D1073000B90B8 /* ZstuRunnerWidgetExtension.entitlements */ = {isa = PBXFileReference; lastKnownFileType = text.plist.entitlements; path = ZstuRunnerWidgetExtension.entitlements; sourceTree = "<group>"; };
		9155EBE2289175DC0005E88D /* ElecServiceView.swift */ = {isa = PBXFileReference; lastKnownFileType = sourcecode.swift; path = ElecServiceView.swift; sourceTree = "<group>"; };
		91833B43285790BB008C0E65 /* TechRunnerView.swift */ = {isa = PBXFileReference; lastKnownFileType = sourcecode.swift; path = TechRunnerView.swift; sourceTree = "<group>"; };
		9184D6532879014C00DF9A67 /* RunnerView.swift */ = {isa = PBXFileReference; lastKnownFileType = sourcecode.swift; path = RunnerView.swift; sourceTree = "<group>"; };
		91B1E89C28735292002CE67B /* QRCodeView.swift */ = {isa = PBXFileReference; lastKnownFileType = sourcecode.swift; path = QRCodeView.swift; sourceTree = "<group>"; };
		91B1E8A028735946002CE67B /* sample.jpeg */ = {isa = PBXFileReference; lastKnownFileType = image.jpeg; path = sample.jpeg; sourceTree = "<group>"; };
		91D6B818286C7266006A1789 /* LocationManager.swift */ = {isa = PBXFileReference; lastKnownFileType = sourcecode.swift; path = LocationManager.swift; sourceTree = "<group>"; };
		91DC4110287483670042C255 /* DashboardPanelView.swift */ = {isa = PBXFileReference; lastKnownFileType = sourcecode.swift; path = DashboardPanelView.swift; sourceTree = "<group>"; };
		91DC4112287483F10042C255 /* DataUpload.swift */ = {isa = PBXFileReference; lastKnownFileType = sourcecode.swift; path = DataUpload.swift; sourceTree = "<group>"; };
		91F9929228575F3600745F77 /* ZstuRunner.app */ = {isa = PBXFileReference; explicitFileType = wrapper.application; includeInIndex = 0; path = ZstuRunner.app; sourceTree = BUILT_PRODUCTS_DIR; };
		91F9929528575F3600745F77 /* ZstuRunnerApp.swift */ = {isa = PBXFileReference; lastKnownFileType = sourcecode.swift; path = ZstuRunnerApp.swift; sourceTree = "<group>"; };
		91F9929728575F3600745F77 /* ContentView.swift */ = {isa = PBXFileReference; lastKnownFileType = sourcecode.swift; path = ContentView.swift; sourceTree = "<group>"; };
		91F9929928575F3700745F77 /* Assets.xcassets */ = {isa = PBXFileReference; lastKnownFileType = folder.assetcatalog; path = Assets.xcassets; sourceTree = "<group>"; };
		91F9929C28575F3700745F77 /* Preview Assets.xcassets */ = {isa = PBXFileReference; lastKnownFileType = folder.assetcatalog; path = "Preview Assets.xcassets"; sourceTree = "<group>"; };
		91F992A228575F3800745F77 /* ZstuRunnerTests.xctest */ = {isa = PBXFileReference; explicitFileType = wrapper.cfbundle; includeInIndex = 0; path = ZstuRunnerTests.xctest; sourceTree = BUILT_PRODUCTS_DIR; };
		91F992A628575F3800745F77 /* ZstuRunnerTests.swift */ = {isa = PBXFileReference; lastKnownFileType = sourcecode.swift; path = ZstuRunnerTests.swift; sourceTree = "<group>"; };
		91F992AC28575F3800745F77 /* ZstuRunnerUITests.xctest */ = {isa = PBXFileReference; explicitFileType = wrapper.cfbundle; includeInIndex = 0; path = ZstuRunnerUITests.xctest; sourceTree = BUILT_PRODUCTS_DIR; };
		91F992B028575F3800745F77 /* ZstuRunnerUITests.swift */ = {isa = PBXFileReference; lastKnownFileType = sourcecode.swift; path = ZstuRunnerUITests.swift; sourceTree = "<group>"; };
		91F992B228575F3800745F77 /* ZstuRunnerUITestsLaunchTests.swift */ = {isa = PBXFileReference; lastKnownFileType = sourcecode.swift; path = ZstuRunnerUITestsLaunchTests.swift; sourceTree = "<group>"; };
/* End PBXFileReference section */

/* Begin PBXFrameworksBuildPhase section */
		914058FA287372E300D25870 /* Frameworks */ = {
			isa = PBXFrameworksBuildPhase;
			buildActionMask = 2147483647;
			files = (
				91405902287372E300D25870 /* SwiftUI.framework in Frameworks */,
				91405900287372E300D25870 /* WidgetKit.framework in Frameworks */,
			);
			runOnlyForDeploymentPostprocessing = 0;
		};
		91F9928F28575F3600745F77 /* Frameworks */ = {
			isa = PBXFrameworksBuildPhase;
			buildActionMask = 2147483647;
			files = (
				917C4DCE288CFEB4003326FA /* QRCode in Frameworks */,
				91A068C02857742D00F3FBF0 /* Gzip in Frameworks */,
			);
			runOnlyForDeploymentPostprocessing = 0;
		};
		91F9929F28575F3800745F77 /* Frameworks */ = {
			isa = PBXFrameworksBuildPhase;
			buildActionMask = 2147483647;
			files = (
			);
			runOnlyForDeploymentPostprocessing = 0;
		};
		91F992A928575F3800745F77 /* Frameworks */ = {
			isa = PBXFrameworksBuildPhase;
			buildActionMask = 2147483647;
			files = (
			);
			runOnlyForDeploymentPostprocessing = 0;
		};
/* End PBXFrameworksBuildPhase section */

/* Begin PBXGroup section */
		914058FE287372E300D25870 /* Frameworks */ = {
			isa = PBXGroup;
			children = (
				914058FF287372E300D25870 /* WidgetKit.framework */,
				91405901287372E300D25870 /* SwiftUI.framework */,
			);
			name = Frameworks;
			sourceTree = "<group>";
		};
		91405903287372E300D25870 /* ZstuRunnerWidget */ = {
			isa = PBXGroup;
			children = (
				91405904287372E300D25870 /* ZstuRunnerWidget.swift */,
				91405906287372E300D25870 /* ZstuRunnerWidget.intentdefinition */,
				91405907287372E500D25870 /* Assets.xcassets */,
				91405909287372E500D25870 /* Info.plist */,
			);
			path = ZstuRunnerWidget;
			sourceTree = "<group>";
		};
		91F9928928575F3600745F77 = {
			isa = PBXGroup;
			children = (
				913873D128926D6200084AF7 /* Localizable.strings */,
				913873D928926DDC00084AF7 /* InfoPlist.strings */,
				9140AC56287D1073000B90B8 /* ZstuRunnerWidgetExtension.entitlements */,
				91F9929428575F3600745F77 /* ZstuRunner */,
				91F992A528575F3800745F77 /* ZstuRunnerTests */,
				91F992AF28575F3800745F77 /* ZstuRunnerUITests */,
				91405903287372E300D25870 /* ZstuRunnerWidget */,
				914058FE287372E300D25870 /* Frameworks */,
				91F9929328575F3600745F77 /* Products */,
			);
			sourceTree = "<group>";
		};
		91F9929328575F3600745F77 /* Products */ = {
			isa = PBXGroup;
			children = (
				91F9929228575F3600745F77 /* ZstuRunner.app */,
				91F992A228575F3800745F77 /* ZstuRunnerTests.xctest */,
				91F992AC28575F3800745F77 /* ZstuRunnerUITests.xctest */,
				914058FD287372E300D25870 /* ZstuRunnerWidgetExtension.appex */,
			);
			name = Products;
			sourceTree = "<group>";
		};
		91F9929428575F3600745F77 /* ZstuRunner */ = {
			isa = PBXGroup;
			children = (
				9140591328737D5E00D25870 /* Info.plist */,
				9140AC55287D1073000B90B8 /* ZstuRunner.entitlements */,
				91F9929528575F3600745F77 /* ZstuRunnerApp.swift */,
				91F9929728575F3600745F77 /* ContentView.swift */,
				9184D6532879014C00DF9A67 /* RunnerView.swift */,
				9155EBE2289175DC0005E88D /* ElecServiceView.swift */,
				91DC4110287483670042C255 /* DashboardPanelView.swift */,
				91B1E89C28735292002CE67B /* QRCodeView.swift */,
				91D6B818286C7266006A1789 /* LocationManager.swift */,
				91DC4112287483F10042C255 /* DataUpload.swift */,
				91833B43285790BB008C0E65 /* TechRunnerView.swift */,
				91B1E8A028735946002CE67B /* sample.jpeg */,
				91F9929928575F3700745F77 /* Assets.xcassets */,
				91F9929B28575F3700745F77 /* Preview Content */,
			);
			path = ZstuRunner;
			sourceTree = "<group>";
		};
		91F9929B28575F3700745F77 /* Preview Content */ = {
			isa = PBXGroup;
			children = (
				91F9929C28575F3700745F77 /* Preview Assets.xcassets */,
			);
			path = "Preview Content";
			sourceTree = "<group>";
		};
		91F992A528575F3800745F77 /* ZstuRunnerTests */ = {
			isa = PBXGroup;
			children = (
				91F992A628575F3800745F77 /* ZstuRunnerTests.swift */,
			);
			path = ZstuRunnerTests;
			sourceTree = "<group>";
		};
		91F992AF28575F3800745F77 /* ZstuRunnerUITests */ = {
			isa = PBXGroup;
			children = (
				91F992B028575F3800745F77 /* ZstuRunnerUITests.swift */,
				91F992B228575F3800745F77 /* ZstuRunnerUITestsLaunchTests.swift */,
			);
			path = ZstuRunnerUITests;
			sourceTree = "<group>";
		};
/* End PBXGroup section */

/* Begin PBXNativeTarget section */
		914058FC287372E300D25870 /* ZstuRunnerWidgetExtension */ = {
			isa = PBXNativeTarget;
			buildConfigurationList = 91405912287372E500D25870 /* Build configuration list for PBXNativeTarget "ZstuRunnerWidgetExtension" */;
			buildPhases = (
				914058F9287372E300D25870 /* Sources */,
				914058FA287372E300D25870 /* Frameworks */,
				914058FB287372E300D25870 /* Resources */,
			);
			buildRules = (
			);
			dependencies = (
			);
			name = ZstuRunnerWidgetExtension;
			productName = ZstuRunnerWidgetExtension;
			productReference = 914058FD287372E300D25870 /* ZstuRunnerWidgetExtension.appex */;
			productType = "com.apple.product-type.app-extension";
		};
		91F9929128575F3600745F77 /* ZstuRunner */ = {
			isa = PBXNativeTarget;
			buildConfigurationList = 91F992B628575F3800745F77 /* Build configuration list for PBXNativeTarget "ZstuRunner" */;
			buildPhases = (
				91F9928E28575F3600745F77 /* Sources */,
				91F9928F28575F3600745F77 /* Frameworks */,
				91F9929028575F3600745F77 /* Resources */,
				9140590F287372E500D25870 /* Embed Foundation Extensions */,
			);
			buildRules = (
			);
			dependencies = (
				9140590D287372E500D25870 /* PBXTargetDependency */,
			);
			name = ZstuRunner;
			packageProductDependencies = (
				91A068BF2857742D00F3FBF0 /* Gzip */,
				917C4DCD288CFEB4003326FA /* QRCode */,
			);
			productName = ZstuRunner;
			productReference = 91F9929228575F3600745F77 /* ZstuRunner.app */;
			productType = "com.apple.product-type.application";
		};
		91F992A128575F3800745F77 /* ZstuRunnerTests */ = {
			isa = PBXNativeTarget;
			buildConfigurationList = 91F992B928575F3800745F77 /* Build configuration list for PBXNativeTarget "ZstuRunnerTests" */;
			buildPhases = (
				91F9929E28575F3800745F77 /* Sources */,
				91F9929F28575F3800745F77 /* Frameworks */,
				91F992A028575F3800745F77 /* Resources */,
			);
			buildRules = (
			);
			dependencies = (
				91F992A428575F3800745F77 /* PBXTargetDependency */,
			);
			name = ZstuRunnerTests;
			productName = ZstuRunnerTests;
			productReference = 91F992A228575F3800745F77 /* ZstuRunnerTests.xctest */;
			productType = "com.apple.product-type.bundle.unit-test";
		};
		91F992AB28575F3800745F77 /* ZstuRunnerUITests */ = {
			isa = PBXNativeTarget;
			buildConfigurationList = 91F992BC28575F3800745F77 /* Build configuration list for PBXNativeTarget "ZstuRunnerUITests" */;
			buildPhases = (
				91F992A828575F3800745F77 /* Sources */,
				91F992A928575F3800745F77 /* Frameworks */,
				91F992AA28575F3800745F77 /* Resources */,
			);
			buildRules = (
			);
			dependencies = (
				91F992AE28575F3800745F77 /* PBXTargetDependency */,
			);
			name = ZstuRunnerUITests;
			productName = ZstuRunnerUITests;
			productReference = 91F992AC28575F3800745F77 /* ZstuRunnerUITests.xctest */;
			productType = "com.apple.product-type.bundle.ui-testing";
		};
/* End PBXNativeTarget section */

/* Begin PBXProject section */
		91F9928A28575F3600745F77 /* Project object */ = {
			isa = PBXProject;
			attributes = {
				BuildIndependentTargetsInParallel = 1;
				LastSwiftUpdateCheck = 1400;
				LastUpgradeCheck = 1400;
				TargetAttributes = {
					914058FC287372E300D25870 = {
						CreatedOnToolsVersion = 14.0;
					};
					91F9929128575F3600745F77 = {
						CreatedOnToolsVersion = 14.0;
					};
					91F992A128575F3800745F77 = {
						CreatedOnToolsVersion = 14.0;
						TestTargetID = 91F9929128575F3600745F77;
					};
					91F992AB28575F3800745F77 = {
						CreatedOnToolsVersion = 14.0;
						TestTargetID = 91F9929128575F3600745F77;
					};
				};
			};
			buildConfigurationList = 91F9928D28575F3600745F77 /* Build configuration list for PBXProject "ZstuRunner" */;
			compatibilityVersion = "Xcode 14.0";
			developmentRegion = en;
			hasScannedForEncodings = 0;
			knownRegions = (
				en,
				"zh-Hans",
				Base,
			);
			mainGroup = 91F9928928575F3600745F77;
			packageReferences = (
				91A068BE2857742D00F3FBF0 /* XCRemoteSwiftPackageReference "GzipSwift" */,
				917C4DCC288CFEB4003326FA /* XCRemoteSwiftPackageReference "QRCode" */,
			);
			productRefGroup = 91F9929328575F3600745F77 /* Products */;
			projectDirPath = "";
			projectRoot = "";
			targets = (
				91F9929128575F3600745F77 /* ZstuRunner */,
				914058FC287372E300D25870 /* ZstuRunnerWidgetExtension */,
				91F992A128575F3800745F77 /* ZstuRunnerTests */,
				91F992AB28575F3800745F77 /* ZstuRunnerUITests */,
			);
		};
/* End PBXProject section */

/* Begin PBXResourcesBuildPhase section */
		914058FB287372E300D25870 /* Resources */ = {
			isa = PBXResourcesBuildPhase;
			buildActionMask = 2147483647;
			files = (
				91405908287372E500D25870 /* Assets.xcassets in Resources */,
			);
			runOnlyForDeploymentPostprocessing = 0;
		};
		91F9929028575F3600745F77 /* Resources */ = {
			isa = PBXResourcesBuildPhase;
			buildActionMask = 2147483647;
			files = (
				91B1E8A128735946002CE67B /* sample.jpeg in Resources */,
				913873CF28926D6200084AF7 /* Localizable.strings in Resources */,
				91F9929D28575F3700745F77 /* Preview Assets.xcassets in Resources */,
				91F9929A28575F3700745F77 /* Assets.xcassets in Resources */,
				913873D728926DDC00084AF7 /* InfoPlist.strings in Resources */,
			);
			runOnlyForDeploymentPostprocessing = 0;
		};
		91F992A028575F3800745F77 /* Resources */ = {
			isa = PBXResourcesBuildPhase;
			buildActionMask = 2147483647;
			files = (
			);
			runOnlyForDeploymentPostprocessing = 0;
		};
		91F992AA28575F3800745F77 /* Resources */ = {
			isa = PBXResourcesBuildPhase;
			buildActionMask = 2147483647;
			files = (
			);
			runOnlyForDeploymentPostprocessing = 0;
		};
/* End PBXResourcesBuildPhase section */

/* Begin PBXSourcesBuildPhase section */
		914058F9287372E300D25870 /* Sources */ = {
			isa = PBXSourcesBuildPhase;
			buildActionMask = 2147483647;
			files = (
				9140590A287372E500D25870 /* ZstuRunnerWidget.intentdefinition in Sources */,
				91405905287372E300D25870 /* ZstuRunnerWidget.swift in Sources */,
			);
			runOnlyForDeploymentPostprocessing = 0;
		};
		91F9928E28575F3600745F77 /* Sources */ = {
			isa = PBXSourcesBuildPhase;
			buildActionMask = 2147483647;
			files = (
				91D6B819286C7266006A1789 /* LocationManager.swift in Sources */,
				91DC4111287483670042C255 /* DashboardPanelView.swift in Sources */,
				91DC4113287483F10042C255 /* DataUpload.swift in Sources */,
				91F9929828575F3600745F77 /* ContentView.swift in Sources */,
				91B1E89D28735292002CE67B /* QRCodeView.swift in Sources */,
				91F9929628575F3600745F77 /* ZstuRunnerApp.swift in Sources */,
				9140590B287372E500D25870 /* ZstuRunnerWidget.intentdefinition in Sources */,
				9155EBE3289175DC0005E88D /* ElecServiceView.swift in Sources */,
				91833B44285790BB008C0E65 /* TechRunnerView.swift in Sources */,
				9184D6542879014C00DF9A67 /* RunnerView.swift in Sources */,
			);
			runOnlyForDeploymentPostprocessing = 0;
		};
		91F9929E28575F3800745F77 /* Sources */ = {
			isa = PBXSourcesBuildPhase;
			buildActionMask = 2147483647;
			files = (
				91F992A728575F3800745F77 /* ZstuRunnerTests.swift in Sources */,
			);
			runOnlyForDeploymentPostprocessing = 0;
		};
		91F992A828575F3800745F77 /* Sources */ = {
			isa = PBXSourcesBuildPhase;
			buildActionMask = 2147483647;
			files = (
				91F992B328575F3800745F77 /* ZstuRunnerUITestsLaunchTests.swift in Sources */,
				91F992B128575F3800745F77 /* ZstuRunnerUITests.swift in Sources */,
			);
			runOnlyForDeploymentPostprocessing = 0;
		};
/* End PBXSourcesBuildPhase section */

/* Begin PBXTargetDependency section */
		9140590D287372E500D25870 /* PBXTargetDependency */ = {
			isa = PBXTargetDependency;
			platformFilter = ios;
			target = 914058FC287372E300D25870 /* ZstuRunnerWidgetExtension */;
			targetProxy = 9140590C287372E500D25870 /* PBXContainerItemProxy */;
		};
		91F992A428575F3800745F77 /* PBXTargetDependency */ = {
			isa = PBXTargetDependency;
			target = 91F9929128575F3600745F77 /* ZstuRunner */;
			targetProxy = 91F992A328575F3800745F77 /* PBXContainerItemProxy */;
		};
		91F992AE28575F3800745F77 /* PBXTargetDependency */ = {
			isa = PBXTargetDependency;
			target = 91F9929128575F3600745F77 /* ZstuRunner */;
			targetProxy = 91F992AD28575F3800745F77 /* PBXContainerItemProxy */;
		};
/* End PBXTargetDependency section */

/* Begin PBXVariantGroup section */
		913873D128926D6200084AF7 /* Localizable.strings */ = {
			isa = PBXVariantGroup;
			children = (
				913873D028926D6200084AF7 /* en */,
				913873D228926D6500084AF7 /* zh-Hans */,
			);
			name = Localizable.strings;
			sourceTree = "<group>";
		};
		913873D928926DDC00084AF7 /* InfoPlist.strings */ = {
			isa = PBXVariantGroup;
			children = (
				913873D828926DDC00084AF7 /* en */,
				913873DA28926DDF00084AF7 /* zh-Hans */,
			);
			name = InfoPlist.strings;
			sourceTree = "<group>";
		};
/* End PBXVariantGroup section */

/* Begin XCBuildConfiguration section */
		91405910287372E500D25870 /* Debug */ = {
			isa = XCBuildConfiguration;
			buildSettings = {
				ASSETCATALOG_COMPILER_GLOBAL_ACCENT_COLOR_NAME = AccentColor;
				ASSETCATALOG_COMPILER_WIDGET_BACKGROUND_COLOR_NAME = WidgetBackground;
				CODE_SIGN_ENTITLEMENTS = ZstuRunnerWidgetExtension.entitlements;
				CODE_SIGN_IDENTITY = "Apple Development";
				"CODE_SIGN_IDENTITY[sdk=macosx*]" = "Apple Development";
				CODE_SIGN_STYLE = Automatic;
				CURRENT_PROJECT_VERSION = 1;
				DEVELOPMENT_TEAM = 24Q962SK3B;
				GENERATE_INFOPLIST_FILE = YES;
				INFOPLIST_FILE = ZstuRunnerWidget/Info.plist;
				INFOPLIST_KEY_CFBundleDisplayName = ZstuRunnerWidget;
				INFOPLIST_KEY_NSHumanReadableCopyright = "";
				LD_RUNPATH_SEARCH_PATHS = (
					"$(inherited)",
					"@executable_path/Frameworks",
					"@executable_path/../../Frameworks",
				);
				MARKETING_VERSION = 1.0;
				PRODUCT_BUNDLE_IDENTIFIER = com.haren724.ZstuRunner.ZstuRunnerWidget;
				PRODUCT_NAME = "$(TARGET_NAME)";
				PROVISIONING_PROFILE_SPECIFIER = "";
				SKIP_INSTALL = YES;
				SUPPORTS_MACCATALYST = YES;
				SWIFT_EMIT_LOC_STRINGS = YES;
				SWIFT_VERSION = 5.0;
				TARGETED_DEVICE_FAMILY = "1,2";
			};
			name = Debug;
		};
		91405911287372E500D25870 /* Release */ = {
			isa = XCBuildConfiguration;
			buildSettings = {
				ASSETCATALOG_COMPILER_GLOBAL_ACCENT_COLOR_NAME = AccentColor;
				ASSETCATALOG_COMPILER_WIDGET_BACKGROUND_COLOR_NAME = WidgetBackground;
				CODE_SIGN_ENTITLEMENTS = ZstuRunnerWidgetExtension.entitlements;
				CODE_SIGN_IDENTITY = "Apple Development";
				"CODE_SIGN_IDENTITY[sdk=macosx*]" = "Apple Development";
				CODE_SIGN_STYLE = Automatic;
				CURRENT_PROJECT_VERSION = 1;
				DEVELOPMENT_TEAM = 24Q962SK3B;
				GENERATE_INFOPLIST_FILE = YES;
				INFOPLIST_FILE = ZstuRunnerWidget/Info.plist;
				INFOPLIST_KEY_CFBundleDisplayName = ZstuRunnerWidget;
				INFOPLIST_KEY_NSHumanReadableCopyright = "";
				LD_RUNPATH_SEARCH_PATHS = (
					"$(inherited)",
					"@executable_path/Frameworks",
					"@executable_path/../../Frameworks",
				);
				MARKETING_VERSION = 1.0;
				PRODUCT_BUNDLE_IDENTIFIER = com.haren724.ZstuRunner.ZstuRunnerWidget;
				PRODUCT_NAME = "$(TARGET_NAME)";
				PROVISIONING_PROFILE_SPECIFIER = "";
				SKIP_INSTALL = YES;
				SUPPORTS_MACCATALYST = YES;
				SWIFT_EMIT_LOC_STRINGS = YES;
				SWIFT_VERSION = 5.0;
				TARGETED_DEVICE_FAMILY = "1,2";
			};
			name = Release;
		};
		91F992B428575F3800745F77 /* Debug */ = {
			isa = XCBuildConfiguration;
			buildSettings = {
				ALWAYS_SEARCH_USER_PATHS = NO;
				CLANG_ANALYZER_NONNULL = YES;
				CLANG_ANALYZER_NUMBER_OBJECT_CONVERSION = YES_AGGRESSIVE;
				CLANG_CXX_LANGUAGE_STANDARD = "gnu++17";
				CLANG_ENABLE_MODULES = YES;
				CLANG_ENABLE_OBJC_ARC = YES;
				CLANG_ENABLE_OBJC_WEAK = YES;
				CLANG_WARN_BLOCK_CAPTURE_AUTORELEASING = YES;
				CLANG_WARN_BOOL_CONVERSION = YES;
				CLANG_WARN_COMMA = YES;
				CLANG_WARN_CONSTANT_CONVERSION = YES;
				CLANG_WARN_DEPRECATED_OBJC_IMPLEMENTATIONS = YES;
				CLANG_WARN_DIRECT_OBJC_ISA_USAGE = YES_ERROR;
				CLANG_WARN_DOCUMENTATION_COMMENTS = YES;
				CLANG_WARN_EMPTY_BODY = YES;
				CLANG_WARN_ENUM_CONVERSION = YES;
				CLANG_WARN_INFINITE_RECURSION = YES;
				CLANG_WARN_INT_CONVERSION = YES;
				CLANG_WARN_NON_LITERAL_NULL_CONVERSION = YES;
				CLANG_WARN_OBJC_IMPLICIT_RETAIN_SELF = YES;
				CLANG_WARN_OBJC_LITERAL_CONVERSION = YES;
				CLANG_WARN_OBJC_ROOT_CLASS = YES_ERROR;
				CLANG_WARN_QUOTED_INCLUDE_IN_FRAMEWORK_HEADER = YES;
				CLANG_WARN_RANGE_LOOP_ANALYSIS = YES;
				CLANG_WARN_STRICT_PROTOTYPES = YES;
				CLANG_WARN_SUSPICIOUS_MOVE = YES;
				CLANG_WARN_UNGUARDED_AVAILABILITY = YES_AGGRESSIVE;
				CLANG_WARN_UNREACHABLE_CODE = YES;
				CLANG_WARN__DUPLICATE_METHOD_MATCH = YES;
				COPY_PHASE_STRIP = NO;
				DEBUG_INFORMATION_FORMAT = dwarf;
				ENABLE_STRICT_OBJC_MSGSEND = YES;
				ENABLE_TESTABILITY = YES;
				GCC_C_LANGUAGE_STANDARD = gnu11;
				GCC_DYNAMIC_NO_PIC = NO;
				GCC_NO_COMMON_BLOCKS = YES;
				GCC_OPTIMIZATION_LEVEL = 0;
				GCC_PREPROCESSOR_DEFINITIONS = (
					"DEBUG=1",
					"$(inherited)",
				);
				GCC_WARN_64_TO_32_BIT_CONVERSION = YES;
				GCC_WARN_ABOUT_RETURN_TYPE = YES_ERROR;
				GCC_WARN_UNDECLARED_SELECTOR = YES;
				GCC_WARN_UNINITIALIZED_AUTOS = YES_AGGRESSIVE;
				GCC_WARN_UNUSED_FUNCTION = YES;
				GCC_WARN_UNUSED_VARIABLE = YES;
				IPHONEOS_DEPLOYMENT_TARGET = 15.0;
				MTL_ENABLE_DEBUG_INFO = INCLUDE_SOURCE;
				MTL_FAST_MATH = YES;
				ONLY_ACTIVE_ARCH = YES;
				SDKROOT = iphoneos;
				SWIFT_ACTIVE_COMPILATION_CONDITIONS = DEBUG;
				SWIFT_OPTIMIZATION_LEVEL = "-Onone";
			};
			name = Debug;
		};
		91F992B528575F3800745F77 /* Release */ = {
			isa = XCBuildConfiguration;
			buildSettings = {
				ALWAYS_SEARCH_USER_PATHS = NO;
				CLANG_ANALYZER_NONNULL = YES;
				CLANG_ANALYZER_NUMBER_OBJECT_CONVERSION = YES_AGGRESSIVE;
				CLANG_CXX_LANGUAGE_STANDARD = "gnu++17";
				CLANG_ENABLE_MODULES = YES;
				CLANG_ENABLE_OBJC_ARC = YES;
				CLANG_ENABLE_OBJC_WEAK = YES;
				CLANG_WARN_BLOCK_CAPTURE_AUTORELEASING = YES;
				CLANG_WARN_BOOL_CONVERSION = YES;
				CLANG_WARN_COMMA = YES;
				CLANG_WARN_CONSTANT_CONVERSION = YES;
				CLANG_WARN_DEPRECATED_OBJC_IMPLEMENTATIONS = YES;
				CLANG_WARN_DIRECT_OBJC_ISA_USAGE = YES_ERROR;
				CLANG_WARN_DOCUMENTATION_COMMENTS = YES;
				CLANG_WARN_EMPTY_BODY = YES;
				CLANG_WARN_ENUM_CONVERSION = YES;
				CLANG_WARN_INFINITE_RECURSION = YES;
				CLANG_WARN_INT_CONVERSION = YES;
				CLANG_WARN_NON_LITERAL_NULL_CONVERSION = YES;
				CLANG_WARN_OBJC_IMPLICIT_RETAIN_SELF = YES;
				CLANG_WARN_OBJC_LITERAL_CONVERSION = YES;
				CLANG_WARN_OBJC_ROOT_CLASS = YES_ERROR;
				CLANG_WARN_QUOTED_INCLUDE_IN_FRAMEWORK_HEADER = YES;
				CLANG_WARN_RANGE_LOOP_ANALYSIS = YES;
				CLANG_WARN_STRICT_PROTOTYPES = YES;
				CLANG_WARN_SUSPICIOUS_MOVE = YES;
				CLANG_WARN_UNGUARDED_AVAILABILITY = YES_AGGRESSIVE;
				CLANG_WARN_UNREACHABLE_CODE = YES;
				CLANG_WARN__DUPLICATE_METHOD_MATCH = YES;
				COPY_PHASE_STRIP = NO;
				DEBUG_INFORMATION_FORMAT = "dwarf-with-dsym";
				ENABLE_NS_ASSERTIONS = NO;
				ENABLE_STRICT_OBJC_MSGSEND = YES;
				GCC_C_LANGUAGE_STANDARD = gnu11;
				GCC_NO_COMMON_BLOCKS = YES;
				GCC_WARN_64_TO_32_BIT_CONVERSION = YES;
				GCC_WARN_ABOUT_RETURN_TYPE = YES_ERROR;
				GCC_WARN_UNDECLARED_SELECTOR = YES;
				GCC_WARN_UNINITIALIZED_AUTOS = YES_AGGRESSIVE;
				GCC_WARN_UNUSED_FUNCTION = YES;
				GCC_WARN_UNUSED_VARIABLE = YES;
				IPHONEOS_DEPLOYMENT_TARGET = 15.0;
				MTL_ENABLE_DEBUG_INFO = NO;
				MTL_FAST_MATH = YES;
				SDKROOT = iphoneos;
				SWIFT_COMPILATION_MODE = wholemodule;
				SWIFT_OPTIMIZATION_LEVEL = "-O";
				VALIDATE_PRODUCT = YES;
			};
			name = Release;
		};
		91F992B728575F3800745F77 /* Debug */ = {
			isa = XCBuildConfiguration;
			buildSettings = {
				ALWAYS_EMBED_SWIFT_STANDARD_LIBRARIES = YES;
				ASSETCATALOG_COMPILER_APPICON_NAME = AppIcon;
				ASSETCATALOG_COMPILER_GLOBAL_ACCENT_COLOR_NAME = AccentColor;
				CODE_SIGN_ENTITLEMENTS = ZstuRunner/ZstuRunner.entitlements;
				"CODE_SIGN_IDENTITY[sdk=macosx*]" = "Apple Development";
				CODE_SIGN_STYLE = Automatic;
				CURRENT_PROJECT_VERSION = 1;
				DEVELOPMENT_ASSET_PATHS = "\"ZstuRunner/Preview Content\"";
				DEVELOPMENT_TEAM = 24Q962SK3B;
				ENABLE_PREVIEWS = YES;
				GENERATE_INFOPLIST_FILE = YES;
				INFOPLIST_FILE = ZstuRunner/Info.plist;
				INFOPLIST_KEY_LSApplicationCategoryType = "public.app-category.healthcare-fitness";
				INFOPLIST_KEY_NSLocationWhenInUseUsageDescription = Hello;
				INFOPLIST_KEY_UIApplicationSceneManifest_Generation = YES;
				INFOPLIST_KEY_UIApplicationSupportsIndirectInputEvents = YES;
				INFOPLIST_KEY_UILaunchScreen_Generation = YES;
				INFOPLIST_KEY_UILaunchStoryboardName = "";
				INFOPLIST_KEY_UISupportedInterfaceOrientations = UIInterfaceOrientationPortrait;
				INFOPLIST_KEY_UISupportedInterfaceOrientations_iPad = "UIInterfaceOrientationLandscapeLeft UIInterfaceOrientationLandscapeRight UIInterfaceOrientationPortraitUpsideDown";
				IPHONEOS_DEPLOYMENT_TARGET = 15.0;
				LD_RUNPATH_SEARCH_PATHS = (
					"$(inherited)",
					"@executable_path/Frameworks",
				);
				MARKETING_VERSION = 1.0;
				PRODUCT_BUNDLE_IDENTIFIER = com.haren724.ZstuRunner;
				PRODUCT_NAME = "$(TARGET_NAME)";
				SUPPORTED_PLATFORMS = "iphoneos iphonesimulator";
				SUPPORTS_MACCATALYST = YES;
				SUPPORTS_MAC_DESIGNED_FOR_IPHONE_IPAD = NO;
				SWIFT_EMIT_LOC_STRINGS = YES;
				SWIFT_VERSION = 5.0;
				TARGETED_DEVICE_FAMILY = "1,2";
			};
			name = Debug;
		};
		91F992B828575F3800745F77 /* Release */ = {
			isa = XCBuildConfiguration;
			buildSettings = {
				ALWAYS_EMBED_SWIFT_STANDARD_LIBRARIES = YES;
				ASSETCATALOG_COMPILER_APPICON_NAME = AppIcon;
				ASSETCATALOG_COMPILER_GLOBAL_ACCENT_COLOR_NAME = AccentColor;
				CODE_SIGN_ENTITLEMENTS = ZstuRunner/ZstuRunner.entitlements;
				"CODE_SIGN_IDENTITY[sdk=macosx*]" = "Apple Development";
				CODE_SIGN_STYLE = Automatic;
				CURRENT_PROJECT_VERSION = 1;
				DEVELOPMENT_ASSET_PATHS = "\"ZstuRunner/Preview Content\"";
				DEVELOPMENT_TEAM = 24Q962SK3B;
				ENABLE_PREVIEWS = YES;
				GENERATE_INFOPLIST_FILE = YES;
				INFOPLIST_FILE = ZstuRunner/Info.plist;
				INFOPLIST_KEY_LSApplicationCategoryType = "public.app-category.healthcare-fitness";
				INFOPLIST_KEY_NSLocationWhenInUseUsageDescription = Hello;
				INFOPLIST_KEY_UIApplicationSceneManifest_Generation = YES;
				INFOPLIST_KEY_UIApplicationSupportsIndirectInputEvents = YES;
				INFOPLIST_KEY_UILaunchScreen_Generation = YES;
				INFOPLIST_KEY_UILaunchStoryboardName = "";
				INFOPLIST_KEY_UISupportedInterfaceOrientations = UIInterfaceOrientationPortrait;
				INFOPLIST_KEY_UISupportedInterfaceOrientations_iPad = "UIInterfaceOrientationLandscapeLeft UIInterfaceOrientationLandscapeRight UIInterfaceOrientationPortraitUpsideDown";
				IPHONEOS_DEPLOYMENT_TARGET = 15.0;
				LD_RUNPATH_SEARCH_PATHS = (
					"$(inherited)",
					"@executable_path/Frameworks",
				);
				MARKETING_VERSION = 1.0;
				PRODUCT_BUNDLE_IDENTIFIER = com.haren724.ZstuRunner;
				PRODUCT_NAME = "$(TARGET_NAME)";
				SUPPORTED_PLATFORMS = "iphoneos iphonesimulator";
				SUPPORTS_MACCATALYST = YES;
				SUPPORTS_MAC_DESIGNED_FOR_IPHONE_IPAD = NO;
				SWIFT_EMIT_LOC_STRINGS = YES;
				SWIFT_VERSION = 5.0;
				TARGETED_DEVICE_FAMILY = "1,2";
			};
			name = Release;
		};
		91F992BA28575F3800745F77 /* Debug */ = {
			isa = XCBuildConfiguration;
			buildSettings = {
				ALWAYS_EMBED_SWIFT_STANDARD_LIBRARIES = YES;
				BUNDLE_LOADER = "$(TEST_HOST)";
				CODE_SIGN_STYLE = Automatic;
				CURRENT_PROJECT_VERSION = 1;
				DEVELOPMENT_TEAM = 24Q962SK3B;
				GENERATE_INFOPLIST_FILE = YES;
				IPHONEOS_DEPLOYMENT_TARGET = 16.0;
				MARKETING_VERSION = 1.0;
				PRODUCT_BUNDLE_IDENTIFIER = com.haren724.ZstuRunnerTests;
				PRODUCT_NAME = "$(TARGET_NAME)";
				SWIFT_EMIT_LOC_STRINGS = NO;
				SWIFT_VERSION = 5.0;
				TARGETED_DEVICE_FAMILY = "1,2";
				TEST_HOST = "$(BUILT_PRODUCTS_DIR)/ZstuRunner.app/$(BUNDLE_EXECUTABLE_FOLDER_PATH)/ZstuRunner";
			};
			name = Debug;
		};
		91F992BB28575F3800745F77 /* Release */ = {
			isa = XCBuildConfiguration;
			buildSettings = {
				ALWAYS_EMBED_SWIFT_STANDARD_LIBRARIES = YES;
				BUNDLE_LOADER = "$(TEST_HOST)";
				CODE_SIGN_STYLE = Automatic;
				CURRENT_PROJECT_VERSION = 1;
				DEVELOPMENT_TEAM = 24Q962SK3B;
				GENERATE_INFOPLIST_FILE = YES;
				IPHONEOS_DEPLOYMENT_TARGET = 16.0;
				MARKETING_VERSION = 1.0;
				PRODUCT_BUNDLE_IDENTIFIER = com.haren724.ZstuRunnerTests;
				PRODUCT_NAME = "$(TARGET_NAME)";
				SWIFT_EMIT_LOC_STRINGS = NO;
				SWIFT_VERSION = 5.0;
				TARGETED_DEVICE_FAMILY = "1,2";
				TEST_HOST = "$(BUILT_PRODUCTS_DIR)/ZstuRunner.app/$(BUNDLE_EXECUTABLE_FOLDER_PATH)/ZstuRunner";
			};
			name = Release;
		};
		91F992BD28575F3800745F77 /* Debug */ = {
			isa = XCBuildConfiguration;
			buildSettings = {
				ALWAYS_EMBED_SWIFT_STANDARD_LIBRARIES = YES;
				CODE_SIGN_STYLE = Automatic;
				CURRENT_PROJECT_VERSION = 1;
				DEVELOPMENT_TEAM = 24Q962SK3B;
				GENERATE_INFOPLIST_FILE = YES;
				MARKETING_VERSION = 1.0;
				PRODUCT_BUNDLE_IDENTIFIER = com.haren724.ZstuRunnerUITests;
				PRODUCT_NAME = "$(TARGET_NAME)";
				SWIFT_EMIT_LOC_STRINGS = NO;
				SWIFT_VERSION = 5.0;
				TARGETED_DEVICE_FAMILY = "1,2";
				TEST_TARGET_NAME = ZstuRunner;
			};
			name = Debug;
		};
		91F992BE28575F3800745F77 /* Release */ = {
			isa = XCBuildConfiguration;
			buildSettings = {
				ALWAYS_EMBED_SWIFT_STANDARD_LIBRARIES = YES;
				CODE_SIGN_STYLE = Automatic;
				CURRENT_PROJECT_VERSION = 1;
				DEVELOPMENT_TEAM = 24Q962SK3B;
				GENERATE_INFOPLIST_FILE = YES;
				MARKETING_VERSION = 1.0;
				PRODUCT_BUNDLE_IDENTIFIER = com.haren724.ZstuRunnerUITests;
				PRODUCT_NAME = "$(TARGET_NAME)";
				SWIFT_EMIT_LOC_STRINGS = NO;
				SWIFT_VERSION = 5.0;
				TARGETED_DEVICE_FAMILY = "1,2";
				TEST_TARGET_NAME = ZstuRunner;
			};
			name = Release;
		};
/* End XCBuildConfiguration section */

/* Begin XCConfigurationList section */
		91405912287372E500D25870 /* Build configuration list for PBXNativeTarget "ZstuRunnerWidgetExtension" */ = {
			isa = XCConfigurationList;
			buildConfigurations = (
				91405910287372E500D25870 /* Debug */,
				91405911287372E500D25870 /* Release */,
			);
			defaultConfigurationIsVisible = 0;
			defaultConfigurationName = Release;
		};
		91F9928D28575F3600745F77 /* Build configuration list for PBXProject "ZstuRunner" */ = {
			isa = XCConfigurationList;
			buildConfigurations = (
				91F992B428575F3800745F77 /* Debug */,
				91F992B528575F3800745F77 /* Release */,
			);
			defaultConfigurationIsVisible = 0;
			defaultConfigurationName = Release;
		};
		91F992B628575F3800745F77 /* Build configuration list for PBXNativeTarget "ZstuRunner" */ = {
			isa = XCConfigurationList;
			buildConfigurations = (
				91F992B728575F3800745F77 /* Debug */,
				91F992B828575F3800745F77 /* Release */,
			);
			defaultConfigurationIsVisible = 0;
			defaultConfigurationName = Release;
		};
		91F992B928575F3800745F77 /* Build configuration list for PBXNativeTarget "ZstuRunnerTests" */ = {
			isa = XCConfigurationList;
			buildConfigurations = (
				91F992BA28575F3800745F77 /* Debug */,
				91F992BB28575F3800745F77 /* Release */,
			);
			defaultConfigurationIsVisible = 0;
			defaultConfigurationName = Release;
		};
		91F992BC28575F3800745F77 /* Build configuration list for PBXNativeTarget "ZstuRunnerUITests" */ = {
			isa = XCConfigurationList;
			buildConfigurations = (
				91F992BD28575F3800745F77 /* Debug */,
				91F992BE28575F3800745F77 /* Release */,
			);
			defaultConfigurationIsVisible = 0;
			defaultConfigurationName = Release;
		};
/* End XCConfigurationList section */

/* Begin XCRemoteSwiftPackageReference section */
		917C4DCC288CFEB4003326FA /* XCRemoteSwiftPackageReference "QRCode" */ = {
			isa = XCRemoteSwiftPackageReference;
			repositoryURL = "https://github.com/dmrschmidt/QRCode";
			requirement = {
				kind = upToNextMajorVersion;
				minimumVersion = 1.0.0;
			};
		};
		91A068BE2857742D00F3FBF0 /* XCRemoteSwiftPackageReference "GzipSwift" */ = {
			isa = XCRemoteSwiftPackageReference;
			repositoryURL = "https://github.com/1024jp/GzipSwift.git";
			requirement = {
				branch = develop;
				kind = branch;
			};
		};
/* End XCRemoteSwiftPackageReference section */

/* Begin XCSwiftPackageProductDependency section */
		917C4DCD288CFEB4003326FA /* QRCode */ = {
			isa = XCSwiftPackageProductDependency;
			package = 917C4DCC288CFEB4003326FA /* XCRemoteSwiftPackageReference "QRCode" */;
			productName = QRCode;
		};
		91A068BF2857742D00F3FBF0 /* Gzip */ = {
			isa = XCSwiftPackageProductDependency;
			package = 91A068BE2857742D00F3FBF0 /* XCRemoteSwiftPackageReference "GzipSwift" */;
			productName = Gzip;
		};
/* End XCSwiftPackageProductDependency section */
	};
	rootObject = 91F9928A28575F3600745F77 /* Project object */;
}
