// !$*UTF8*$!
{
	archiveVersion = 1;
	classes = {
	};
	objectVersion = 56;
	objects = {

/* Begin PBXBuildFile section */
		91833B44285790BB008C0E65 /* TechRunnerView.swift in Sources */ = {isa = PBXBuildFile; fileRef = 91833B43285790BB008C0E65 /* TechRunnerView.swift */; };
		91833B462857A06E008C0E65 /* Launch Screen.storyboard in Resources */ = {isa = PBXBuildFile; fileRef = 91833B452857A06E008C0E65 /* Launch Screen.storyboard */; };
		91A068C02857742D00F3FBF0 /* Gzip in Frameworks */ = {isa = PBXBuildFile; productRef = 91A068BF2857742D00F3FBF0 /* Gzip */; };
		91E874BE2857AA2200C7AB7B /* Localizable.strings in Resources */ = {isa = PBXBuildFile; fileRef = 91E874BC2857AA2200C7AB7B /* Localizable.strings */; };
		91E874C12857AA3400C7AB7B /* Localizable.strings in Resources */ = {isa = PBXBuildFile; fileRef = 91E874BF2857AA3400C7AB7B /* Localizable.strings */; };
		91F9929628575F3600745F77 /* ZstuRunnerApp.swift in Sources */ = {isa = PBXBuildFile; fileRef = 91F9929528575F3600745F77 /* ZstuRunnerApp.swift */; };
		91F9929828575F3600745F77 /* ContentView.swift in Sources */ = {isa = PBXBuildFile; fileRef = 91F9929728575F3600745F77 /* ContentView.swift */; };
		91F9929A28575F3700745F77 /* Assets.xcassets in Resources */ = {isa = PBXBuildFile; fileRef = 91F9929928575F3700745F77 /* Assets.xcassets */; };
		91F9929D28575F3700745F77 /* Preview Assets.xcassets in Resources */ = {isa = PBXBuildFile; fileRef = 91F9929C28575F3700745F77 /* Preview Assets.xcassets */; };
		91F992A728575F3800745F77 /* ZstuRunnerTests.swift in Sources */ = {isa = PBXBuildFile; fileRef = 91F992A628575F3800745F77 /* ZstuRunnerTests.swift */; };
		91F992B128575F3800745F77 /* ZstuRunnerUITests.swift in Sources */ = {isa = PBXBuildFile; fileRef = 91F992B028575F3800745F77 /* ZstuRunnerUITests.swift */; };
		91F992B328575F3800745F77 /* ZstuRunnerUITestsLaunchTests.swift in Sources */ = {isa = PBXBuildFile; fileRef = 91F992B228575F3800745F77 /* ZstuRunnerUITestsLaunchTests.swift */; };
/* End PBXBuildFile section */

/* Begin PBXContainerItemProxy section */
		91F992A328575F3800745F77 /* PBXContainerItemProxy */ = {
			isa = PBXContainerItemProxy;
			containerPortal = 91F9928A28575F3600745F77 /* Project object */;
			proxyType = 1;
			remoteGlobalIDString = 91F9929128575F3600745F77;
			remoteInfo = ZstuRunner;
		};
		91F992AD28575F3800745F77 /* PBXContainerItemProxy */ = {
			isa = PBXContainerItemProxy;
			containerPortal = 91F9928A28575F3600745F77 /* Project object */;
			proxyType = 1;
			remoteGlobalIDString = 91F9929128575F3600745F77;
			remoteInfo = ZstuRunner;
		};
/* End PBXContainerItemProxy section */

/* Begin PBXFileReference section */
		91833B43285790BB008C0E65 /* TechRunnerView.swift */ = {isa = PBXFileReference; lastKnownFileType = sourcecode.swift; path = TechRunnerView.swift; sourceTree = "<group>"; };
		91833B452857A06E008C0E65 /* Launch Screen.storyboard */ = {isa = PBXFileReference; lastKnownFileType = file.storyboard; path = "Launch Screen.storyboard"; sourceTree = "<group>"; };
		91E874BD2857AA2200C7AB7B /* en */ = {isa = PBXFileReference; lastKnownFileType = text.plist.strings; name = en; path = Localizable.strings; sourceTree = "<group>"; };
		91E874C02857AA3400C7AB7B /* zh-Hans */ = {isa = PBXFileReference; lastKnownFileType = text.plist.strings; name = "zh-Hans"; path = Localizable.strings; sourceTree = "<group>"; };
		91F9929228575F3600745F77 /* ZstuRunner.app */ = {isa = PBXFileReference; explicitFileType = wrapper.application; includeInIndex = 0; path = ZstuRunner.app; sourceTree = BUILT_PRODUCTS_DIR; };
		91F9929528575F3600745F77 /* ZstuRunnerApp.swift */ = {isa = PBXFileReference; lastKnownFileType = sourcecode.swift; path = ZstuRunnerApp.swift; sourceTree = "<group>"; };
		91F9929728575F3600745F77 /* ContentView.swift */ = {isa = PBXFileReference; lastKnownFileType = sourcecode.swift; path = ContentView.swift; sourceTree = "<group>"; };
		91F9929928575F3700745F77 /* Assets.xcassets */ = {isa = PBXFileReference; lastKnownFileType = folder.assetcatalog; path = Assets.xcassets; sourceTree = "<group>"; };
		91F9929C28575F3700745F77 /* Preview Assets.xcassets */ = {isa = PBXFileReference; lastKnownFileType = folder.assetcatalog; path = "Preview Assets.xcassets"; sourceTree = "<group>"; };
		91F992A228575F3800745F77 /* ZstuRunnerTests.xctest */ = {isa = PBXFileReference; explicitFileType = wrapper.cfbundle; includeInIndex = 0; path = ZstuRunnerTests.xctest; sourceTree = BUILT_PRODUCTS_DIR; };
		91F992A628575F3800745F77 /* ZstuRunnerTests.swift */ = {isa = PBXFileReference; lastKnownFileType = sourcecode.swift; path = ZstuRunnerTests.swift; sourceTree = "<group>"; };
		91F992AC28575F3800745F77 /* ZstuRunnerUITests.xctest */ = {isa = PBXFileReference; explicitFileType = wrapper.cfbundle; includeInIndex = 0; path = ZstuRunnerUITests.xctest; sourceTree = BUILT_PRODUCTS_DIR; };
		91F992B028575F3800745F77 /* ZstuRunnerUITests.swift */ = {isa = PBXFileReference; lastKnownFileType = sourcecode.swift; path = ZstuRunnerUITests.swift; sourceTree = "<group>"; };
		91F992B228575F3800745F77 /* ZstuRunnerUITestsLaunchTests.swift */ = {isa = PBXFileReference; lastKnownFileType = sourcecode.swift; path = ZstuRunnerUITestsLaunchTests.swift; sourceTree = "<group>"; };
/* End PBXFileReference section */

/* Begin PBXFrameworksBuildPhase section */
		91F9928F28575F3600745F77 /* Frameworks */ = {
			isa = PBXFrameworksBuildPhase;
			buildActionMask = 2147483647;
			files = (
				91A068C02857742D00F3FBF0 /* Gzip in Frameworks */,
			);
			runOnlyForDeploymentPostprocessing = 0;
		};
		91F9929F28575F3800745F77 /* Frameworks */ = {
			isa = PBXFrameworksBuildPhase;
			buildActionMask = 2147483647;
			files = (
			);
			runOnlyForDeploymentPostprocessing = 0;
		};
		91F992A928575F3800745F77 /* Frameworks */ = {
			isa = PBXFrameworksBuildPhase;
			buildActionMask = 2147483647;
			files = (
			);
			runOnlyForDeploymentPostprocessing = 0;
		};
/* End PBXFrameworksBuildPhase section */

/* Begin PBXGroup section */
		91E874B92857A9A800C7AB7B /* en.lproj */ = {
			isa = PBXGroup;
			children = (
				91E874BC2857AA2200C7AB7B /* Localizable.strings */,
			);
			path = en.lproj;
			sourceTree = "<group>";
		};
		91E874BB2857A9CF00C7AB7B /* zh-Hans.lproj */ = {
			isa = PBXGroup;
			children = (
				91E874BF2857AA3400C7AB7B /* Localizable.strings */,
			);
			path = "zh-Hans.lproj";
			sourceTree = "<group>";
		};
		91F9928928575F3600745F77 = {
			isa = PBXGroup;
			children = (
				91E874B92857A9A800C7AB7B /* en.lproj */,
				91E874BB2857A9CF00C7AB7B /* zh-Hans.lproj */,
				91833B452857A06E008C0E65 /* Launch Screen.storyboard */,
				91F9929428575F3600745F77 /* ZstuRunner */,
				91F992A528575F3800745F77 /* ZstuRunnerTests */,
				91F992AF28575F3800745F77 /* ZstuRunnerUITests */,
				91F9929328575F3600745F77 /* Products */,
			);
			sourceTree = "<group>";
		};
		91F9929328575F3600745F77 /* Products */ = {
			isa = PBXGroup;
			children = (
				91F9929228575F3600745F77 /* ZstuRunner.app */,
				91F992A228575F3800745F77 /* ZstuRunnerTests.xctest */,
				91F992AC28575F3800745F77 /* ZstuRunnerUITests.xctest */,
			);
			name = Products;
			sourceTree = "<group>";
		};
		91F9929428575F3600745F77 /* ZstuRunner */ = {
			isa = PBXGroup;
			children = (
				91F9929528575F3600745F77 /* ZstuRunnerApp.swift */,
				91F9929728575F3600745F77 /* ContentView.swift */,
				91833B43285790BB008C0E65 /* TechRunnerView.swift */,
				91F9929928575F3700745F77 /* Assets.xcassets */,
				91F9929B28575F3700745F77 /* Preview Content */,
			);
			path = ZstuRunner;
			sourceTree = "<group>";
		};
		91F9929B28575F3700745F77 /* Preview Content */ = {
			isa = PBXGroup;
			children = (
				91F9929C28575F3700745F77 /* Preview Assets.xcassets */,
			);
			path = "Preview Content";
			sourceTree = "<group>";
		};
		91F992A528575F3800745F77 /* ZstuRunnerTests */ = {
			isa = PBXGroup;
			children = (
				91F992A628575F3800745F77 /* ZstuRunnerTests.swift */,
			);
			path = ZstuRunnerTests;
			sourceTree = "<group>";
		};
		91F992AF28575F3800745F77 /* ZstuRunnerUITests */ = {
			isa = PBXGroup;
			children = (
				91F992B028575F3800745F77 /* ZstuRunnerUITests.swift */,
				91F992B228575F3800745F77 /* ZstuRunnerUITestsLaunchTests.swift */,
			);
			path = ZstuRunnerUITests;
			sourceTree = "<group>";
		};
/* End PBXGroup section */

/* Begin PBXNativeTarget section */
		91F9929128575F3600745F77 /* ZstuRunner */ = {
			isa = PBXNativeTarget;
			buildConfigurationList = 91F992B628575F3800745F77 /* Build configuration list for PBXNativeTarget "ZstuRunner" */;
			buildPhases = (
				91F9928E28575F3600745F77 /* Sources */,
				91F9928F28575F3600745F77 /* Frameworks */,
				91F9929028575F3600745F77 /* Resources */,
			);
			buildRules = (
			);
			dependencies = (
			);
			name = ZstuRunner;
			packageProductDependencies = (
				91A068BF2857742D00F3FBF0 /* Gzip */,
			);
			productName = ZstuRunner;
			productReference = 91F9929228575F3600745F77 /* ZstuRunner.app */;
			productType = "com.apple.product-type.application";
		};
		91F992A128575F3800745F77 /* ZstuRunnerTests */ = {
			isa = PBXNativeTarget;
			buildConfigurationList = 91F992B928575F3800745F77 /* Build configuration list for PBXNativeTarget "ZstuRunnerTests" */;
			buildPhases = (
				91F9929E28575F3800745F77 /* Sources */,
				91F9929F28575F3800745F77 /* Frameworks */,
				91F992A028575F3800745F77 /* Resources */,
			);
			buildRules = (
			);
			dependencies = (
				91F992A428575F3800745F77 /* PBXTargetDependency */,
			);
			name = ZstuRunnerTests;
			productName = ZstuRunnerTests;
			productReference = 91F992A228575F3800745F77 /* ZstuRunnerTests.xctest */;
			productType = "com.apple.product-type.bundle.unit-test";
		};
		91F992AB28575F3800745F77 /* ZstuRunnerUITests */ = {
			isa = PBXNativeTarget;
			buildConfigurationList = 91F992BC28575F3800745F77 /* Build configuration list for PBXNativeTarget "ZstuRunnerUITests" */;
			buildPhases = (
				91F992A828575F3800745F77 /* Sources */,
				91F992A928575F3800745F77 /* Frameworks */,
				91F992AA28575F3800745F77 /* Resources */,
			);
			buildRules = (
			);
			dependencies = (
				91F992AE28575F3800745F77 /* PBXTargetDependency */,
			);
			name = ZstuRunnerUITests;
			productName = ZstuRunnerUITests;
			productReference = 91F992AC28575F3800745F77 /* ZstuRunnerUITests.xctest */;
			productType = "com.apple.product-type.bundle.ui-testing";
		};
/* End PBXNativeTarget section */

/* Begin PBXProject section */
		91F9928A28575F3600745F77 /* Project object */ = {
			isa = PBXProject;
			attributes = {
				BuildIndependentTargetsInParallel = 1;
				LastSwiftUpdateCheck = 1400;
				LastUpgradeCheck = 1400;
				TargetAttributes = {
					91F9929128575F3600745F77 = {
						CreatedOnToolsVersion = 14.0;
					};
					91F992A128575F3800745F77 = {
						CreatedOnToolsVersion = 14.0;
						TestTargetID = 91F9929128575F3600745F77;
					};
					91F992AB28575F3800745F77 = {
						CreatedOnToolsVersion = 14.0;
						TestTargetID = 91F9929128575F3600745F77;
					};
				};
			};
			buildConfigurationList = 91F9928D28575F3600745F77 /* Build configuration list for PBXProject "ZstuRunner" */;
			compatibilityVersion = "Xcode 14.0";
			developmentRegion = en;
			hasScannedForEncodings = 0;
			knownRegions = (
				en,
				Base,
				"zh-Hans",
			);
			mainGroup = 91F9928928575F3600745F77;
			packageReferences = (
				91A068BE2857742D00F3FBF0 /* XCRemoteSwiftPackageReference "GzipSwift" */,
			);
			productRefGroup = 91F9929328575F3600745F77 /* Products */;
			projectDirPath = "";
			projectRoot = "";
			targets = (
				91F9929128575F3600745F77 /* ZstuRunner */,
				91F992A128575F3800745F77 /* ZstuRunnerTests */,
				91F992AB28575F3800745F77 /* ZstuRunnerUITests */,
			);
		};
/* End PBXProject section */

/* Begin PBXResourcesBuildPhase section */
		91F9929028575F3600745F77 /* Resources */ = {
			isa = PBXResourcesBuildPhase;
			buildActionMask = 2147483647;
			files = (
				91E874C12857AA3400C7AB7B /* Localizable.strings in Resources */,
				91833B462857A06E008C0E65 /* Launch Screen.storyboard in Resources */,
				91E874BE2857AA2200C7AB7B /* Localizable.strings in Resources */,
				91F9929D28575F3700745F77 /* Preview Assets.xcassets in Resources */,
				91F9929A28575F3700745F77 /* Assets.xcassets in Resources */,
			);
			runOnlyForDeploymentPostprocessing = 0;
		};
		91F992A028575F3800745F77 /* Resources */ = {
			isa = PBXResourcesBuildPhase;
			buildActionMask = 2147483647;
			files = (
			);
			runOnlyForDeploymentPostprocessing = 0;
		};
		91F992AA28575F3800745F77 /* Resources */ = {
			isa = PBXResourcesBuildPhase;
			buildActionMask = 2147483647;
			files = (
			);
			runOnlyForDeploymentPostprocessing = 0;
		};
/* End PBXResourcesBuildPhase section */

/* Begin PBXSourcesBuildPhase section */
		91F9928E28575F3600745F77 /* Sources */ = {
			isa = PBXSourcesBuildPhase;
			buildActionMask = 2147483647;
			files = (
				91F9929828575F3600745F77 /* ContentView.swift in Sources */,
				91F9929628575F3600745F77 /* ZstuRunnerApp.swift in Sources */,
				91833B44285790BB008C0E65 /* TechRunnerView.swift in Sources */,
			);
			runOnlyForDeploymentPostprocessing = 0;
		};
		91F9929E28575F3800745F77 /* Sources */ = {
			isa = PBXSourcesBuildPhase;
			buildActionMask = 2147483647;
			files = (
				91F992A728575F3800745F77 /* ZstuRunnerTests.swift in Sources */,
			);
			runOnlyForDeploymentPostprocessing = 0;
		};
		91F992A828575F3800745F77 /* Sources */ = {
			isa = PBXSourcesBuildPhase;
			buildActionMask = 2147483647;
			files = (
				91F992B328575F3800745F77 /* ZstuRunnerUITestsLaunchTests.swift in Sources */,
				91F992B128575F3800745F77 /* ZstuRunnerUITests.swift in Sources */,
			);
			runOnlyForDeploymentPostprocessing = 0;
		};
/* End PBXSourcesBuildPhase section */

/* Begin PBXTargetDependency section */
		91F992A428575F3800745F77 /* PBXTargetDependency */ = {
			isa = PBXTargetDependency;
			target = 91F9929128575F3600745F77 /* ZstuRunner */;
			targetProxy = 91F992A328575F3800745F77 /* PBXContainerItemProxy */;
		};
		91F992AE28575F3800745F77 /* PBXTargetDependency */ = {
			isa = PBXTargetDependency;
			target = 91F9929128575F3600745F77 /* ZstuRunner */;
			targetProxy = 91F992AD28575F3800745F77 /* PBXContainerItemProxy */;
		};
/* End PBXTargetDependency section */

/* Begin PBXVariantGroup section */
		91E874BC2857AA2200C7AB7B /* Localizable.strings */ = {
			isa = PBXVariantGroup;
			children = (
				91E874BD2857AA2200C7AB7B /* en */,
			);
			name = Localizable.strings;
			sourceTree = "<group>";
		};
		91E874BF2857AA3400C7AB7B /* Localizable.strings */ = {
			isa = PBXVariantGroup;
			children = (
				91E874C02857AA3400C7AB7B /* zh-Hans */,
			);
			name = Localizable.strings;
			sourceTree = "<group>";
		};
/* End PBXVariantGroup section */

/* Begin XCBuildConfiguration section */
		91F992B428575F3800745F77 /* Debug */ = {
			isa = XCBuildConfiguration;
			buildSettings = {
				ALWAYS_SEARCH_USER_PATHS = NO;
				CLANG_ANALYZER_NONNULL = YES;
				CLANG_ANALYZER_NUMBER_OBJECT_CONVERSION = YES_AGGRESSIVE;
				CLANG_CXX_LANGUAGE_STANDARD = "gnu++17";
				CLANG_ENABLE_MODULES = YES;
				CLANG_ENABLE_OBJC_ARC = YES;
				CLANG_ENABLE_OBJC_WEAK = YES;
				CLANG_WARN_BLOCK_CAPTURE_AUTORELEASING = YES;
				CLANG_WARN_BOOL_CONVERSION = YES;
				CLANG_WARN_COMMA = YES;
				CLANG_WARN_CONSTANT_CONVERSION = YES;
				CLANG_WARN_DEPRECATED_OBJC_IMPLEMENTATIONS = YES;
				CLANG_WARN_DIRECT_OBJC_ISA_USAGE = YES_ERROR;
				CLANG_WARN_DOCUMENTATION_COMMENTS = YES;
				CLANG_WARN_EMPTY_BODY = YES;
				CLANG_WARN_ENUM_CONVERSION = YES;
				CLANG_WARN_INFINITE_RECURSION = YES;
				CLANG_WARN_INT_CONVERSION = YES;
				CLANG_WARN_NON_LITERAL_NULL_CONVERSION = YES;
				CLANG_WARN_OBJC_IMPLICIT_RETAIN_SELF = YES;
				CLANG_WARN_OBJC_LITERAL_CONVERSION = YES;
				CLANG_WARN_OBJC_ROOT_CLASS = YES_ERROR;
				CLANG_WARN_QUOTED_INCLUDE_IN_FRAMEWORK_HEADER = YES;
				CLANG_WARN_RANGE_LOOP_ANALYSIS = YES;
				CLANG_WARN_STRICT_PROTOTYPES = YES;
				CLANG_WARN_SUSPICIOUS_MOVE = YES;
				CLANG_WARN_UNGUARDED_AVAILABILITY = YES_AGGRESSIVE;
				CLANG_WARN_UNREACHABLE_CODE = YES;
				CLANG_WARN__DUPLICATE_METHOD_MATCH = YES;
				COPY_PHASE_STRIP = NO;
				DEBUG_INFORMATION_FORMAT = dwarf;
				ENABLE_STRICT_OBJC_MSGSEND = YES;
				ENABLE_TESTABILITY = YES;
				GCC_C_LANGUAGE_STANDARD = gnu11;
				GCC_DYNAMIC_NO_PIC = NO;
				GCC_NO_COMMON_BLOCKS = YES;
				GCC_OPTIMIZATION_LEVEL = 0;
				GCC_PREPROCESSOR_DEFINITIONS = (
					"DEBUG=1",
					"$(inherited)",
				);
				GCC_WARN_64_TO_32_BIT_CONVERSION = YES;
				GCC_WARN_ABOUT_RETURN_TYPE = YES_ERROR;
				GCC_WARN_UNDECLARED_SELECTOR = YES;
				GCC_WARN_UNINITIALIZED_AUTOS = YES_AGGRESSIVE;
				GCC_WARN_UNUSED_FUNCTION = YES;
				GCC_WARN_UNUSED_VARIABLE = YES;
				IPHONEOS_DEPLOYMENT_TARGET = 16.0;
				MTL_ENABLE_DEBUG_INFO = INCLUDE_SOURCE;
				MTL_FAST_MATH = YES;
				ONLY_ACTIVE_ARCH = YES;
				SDKROOT = iphoneos;
				SWIFT_ACTIVE_COMPILATION_CONDITIONS = DEBUG;
				SWIFT_OPTIMIZATION_LEVEL = "-Onone";
			};
			name = Debug;
		};
		91F992B528575F3800745F77 /* Release */ = {
			isa = XCBuildConfiguration;
			buildSettings = {
				ALWAYS_SEARCH_USER_PATHS = NO;
				CLANG_ANALYZER_NONNULL = YES;
				CLANG_ANALYZER_NUMBER_OBJECT_CONVERSION = YES_AGGRESSIVE;
				CLANG_CXX_LANGUAGE_STANDARD = "gnu++17";
				CLANG_ENABLE_MODULES = YES;
				CLANG_ENABLE_OBJC_ARC = YES;
				CLANG_ENABLE_OBJC_WEAK = YES;
				CLANG_WARN_BLOCK_CAPTURE_AUTORELEASING = YES;
				CLANG_WARN_BOOL_CONVERSION = YES;
				CLANG_WARN_COMMA = YES;
				CLANG_WARN_CONSTANT_CONVERSION = YES;
				CLANG_WARN_DEPRECATED_OBJC_IMPLEMENTATIONS = YES;
				CLANG_WARN_DIRECT_OBJC_ISA_USAGE = YES_ERROR;
				CLANG_WARN_DOCUMENTATION_COMMENTS = YES;
				CLANG_WARN_EMPTY_BODY = YES;
				CLANG_WARN_ENUM_CONVERSION = YES;
				CLANG_WARN_INFINITE_RECURSION = YES;
				CLANG_WARN_INT_CONVERSION = YES;
				CLANG_WARN_NON_LITERAL_NULL_CONVERSION = YES;
				CLANG_WARN_OBJC_IMPLICIT_RETAIN_SELF = YES;
				CLANG_WARN_OBJC_LITERAL_CONVERSION = YES;
				CLANG_WARN_OBJC_ROOT_CLASS = YES_ERROR;
				CLANG_WARN_QUOTED_INCLUDE_IN_FRAMEWORK_HEADER = YES;
				CLANG_WARN_RANGE_LOOP_ANALYSIS = YES;
				CLANG_WARN_STRICT_PROTOTYPES = YES;
				CLANG_WARN_SUSPICIOUS_MOVE = YES;
				CLANG_WARN_UNGUARDED_AVAILABILITY = YES_AGGRESSIVE;
				CLANG_WARN_UNREACHABLE_CODE = YES;
				CLANG_WARN__DUPLICATE_METHOD_MATCH = YES;
				COPY_PHASE_STRIP = NO;
				DEBUG_INFORMATION_FORMAT = "dwarf-with-dsym";
				ENABLE_NS_ASSERTIONS = NO;
				ENABLE_STRICT_OBJC_MSGSEND = YES;
				GCC_C_LANGUAGE_STANDARD = gnu11;
				GCC_NO_COMMON_BLOCKS = YES;
				GCC_WARN_64_TO_32_BIT_CONVERSION = YES;
				GCC_WARN_ABOUT_RETURN_TYPE = YES_ERROR;
				GCC_WARN_UNDECLARED_SELECTOR = YES;
				GCC_WARN_UNINITIALIZED_AUTOS = YES_AGGRESSIVE;
				GCC_WARN_UNUSED_FUNCTION = YES;
				GCC_WARN_UNUSED_VARIABLE = YES;
				IPHONEOS_DEPLOYMENT_TARGET = 16.0;
				MTL_ENABLE_DEBUG_INFO = NO;
				MTL_FAST_MATH = YES;
				SDKROOT = iphoneos;
				SWIFT_COMPILATION_MODE = wholemodule;
				SWIFT_OPTIMIZATION_LEVEL = "-O";
				VALIDATE_PRODUCT = YES;
			};
			name = Release;
		};
		91F992B728575F3800745F77 /* Debug */ = {
			isa = XCBuildConfiguration;
			buildSettings = {
				ASSETCATALOG_COMPILER_APPICON_NAME = AppIcon;
				ASSETCATALOG_COMPILER_GLOBAL_ACCENT_COLOR_NAME = AccentColor;
				CODE_SIGN_STYLE = Automatic;
				CURRENT_PROJECT_VERSION = 1;
				DEVELOPMENT_ASSET_PATHS = "\"ZstuRunner/Preview Content\"";
				DEVELOPMENT_TEAM = 24Q962SK3B;
				ENABLE_PREVIEWS = YES;
				GENERATE_INFOPLIST_FILE = YES;
				INFOPLIST_KEY_UIApplicationSceneManifest_Generation = YES;
				INFOPLIST_KEY_UIApplicationSupportsIndirectInputEvents = YES;
				INFOPLIST_KEY_UILaunchScreen_Generation = YES;
				INFOPLIST_KEY_UILaunchStoryboardName = "Launch Screen.storyboard";
				INFOPLIST_KEY_UISupportedInterfaceOrientations_iPad = "UIInterfaceOrientationPortrait UIInterfaceOrientationPortraitUpsideDown UIInterfaceOrientationLandscapeLeft UIInterfaceOrientationLandscapeRight";
				INFOPLIST_KEY_UISupportedInterfaceOrientations_iPhone = "UIInterfaceOrientationPortrait UIInterfaceOrientationLandscapeLeft UIInterfaceOrientationLandscapeRight";
				LD_RUNPATH_SEARCH_PATHS = (
					"$(inherited)",
					"@executable_path/Frameworks",
				);
				MARKETING_VERSION = 1.0;
				PRODUCT_BUNDLE_IDENTIFIER = com.haren724.ZstuRunner;
				PRODUCT_NAME = "$(TARGET_NAME)";
				SWIFT_EMIT_LOC_STRINGS = YES;
				SWIFT_VERSION = 5.0;
				TARGETED_DEVICE_FAMILY = "1,2";
			};
			name = Debug;
		};
		91F992B828575F3800745F77 /* Release */ = {
			isa = XCBuildConfiguration;
			buildSettings = {
				ASSETCATALOG_COMPILER_APPICON_NAME = AppIcon;
				ASSETCATALOG_COMPILER_GLOBAL_ACCENT_COLOR_NAME = AccentColor;
				CODE_SIGN_STYLE = Automatic;
				CURRENT_PROJECT_VERSION = 1;
				DEVELOPMENT_ASSET_PATHS = "\"ZstuRunner/Preview Content\"";
				DEVELOPMENT_TEAM = 24Q962SK3B;
				ENABLE_PREVIEWS = YES;
				GENERATE_INFOPLIST_FILE = YES;
				INFOPLIST_KEY_UIApplicationSceneManifest_Generation = YES;
				INFOPLIST_KEY_UIApplicationSupportsIndirectInputEvents = YES;
				INFOPLIST_KEY_UILaunchScreen_Generation = YES;
				INFOPLIST_KEY_UILaunchStoryboardName = "Launch Screen.storyboard";
				INFOPLIST_KEY_UISupportedInterfaceOrientations_iPad = "UIInterfaceOrientationPortrait UIInterfaceOrientationPortraitUpsideDown UIInterfaceOrientationLandscapeLeft UIInterfaceOrientationLandscapeRight";
				INFOPLIST_KEY_UISupportedInterfaceOrientations_iPhone = "UIInterfaceOrientationPortrait UIInterfaceOrientationLandscapeLeft UIInterfaceOrientationLandscapeRight";
				LD_RUNPATH_SEARCH_PATHS = (
					"$(inherited)",
					"@executable_path/Frameworks",
				);
				MARKETING_VERSION = 1.0;
				PRODUCT_BUNDLE_IDENTIFIER = com.haren724.ZstuRunner;
				PRODUCT_NAME = "$(TARGET_NAME)";
				SWIFT_EMIT_LOC_STRINGS = YES;
				SWIFT_VERSION = 5.0;
				TARGETED_DEVICE_FAMILY = "1,2";
			};
			name = Release;
		};
		91F992BA28575F3800745F77 /* Debug */ = {
			isa = XCBuildConfiguration;
			buildSettings = {
				ALWAYS_EMBED_SWIFT_STANDARD_LIBRARIES = YES;
				BUNDLE_LOADER = "$(TEST_HOST)";
				CODE_SIGN_STYLE = Automatic;
				CURRENT_PROJECT_VERSION = 1;
				DEVELOPMENT_TEAM = 24Q962SK3B;
				GENERATE_INFOPLIST_FILE = YES;
				IPHONEOS_DEPLOYMENT_TARGET = 16.0;
				MARKETING_VERSION = 1.0;
				PRODUCT_BUNDLE_IDENTIFIER = com.haren724.ZstuRunnerTests;
				PRODUCT_NAME = "$(TARGET_NAME)";
				SWIFT_EMIT_LOC_STRINGS = NO;
				SWIFT_VERSION = 5.0;
				TARGETED_DEVICE_FAMILY = "1,2";
				TEST_HOST = "$(BUILT_PRODUCTS_DIR)/ZstuRunner.app/$(BUNDLE_EXECUTABLE_FOLDER_PATH)/ZstuRunner";
			};
			name = Debug;
		};
		91F992BB28575F3800745F77 /* Release */ = {
			isa = XCBuildConfiguration;
			buildSettings = {
				ALWAYS_EMBED_SWIFT_STANDARD_LIBRARIES = YES;
				BUNDLE_LOADER = "$(TEST_HOST)";
				CODE_SIGN_STYLE = Automatic;
				CURRENT_PROJECT_VERSION = 1;
				DEVELOPMENT_TEAM = 24Q962SK3B;
				GENERATE_INFOPLIST_FILE = YES;
				IPHONEOS_DEPLOYMENT_TARGET = 16.0;
				MARKETING_VERSION = 1.0;
				PRODUCT_BUNDLE_IDENTIFIER = com.haren724.ZstuRunnerTests;
				PRODUCT_NAME = "$(TARGET_NAME)";
				SWIFT_EMIT_LOC_STRINGS = NO;
				SWIFT_VERSION = 5.0;
				TARGETED_DEVICE_FAMILY = "1,2";
				TEST_HOST = "$(BUILT_PRODUCTS_DIR)/ZstuRunner.app/$(BUNDLE_EXECUTABLE_FOLDER_PATH)/ZstuRunner";
			};
			name = Release;
		};
		91F992BD28575F3800745F77 /* Debug */ = {
			isa = XCBuildConfiguration;
			buildSettings = {
				ALWAYS_EMBED_SWIFT_STANDARD_LIBRARIES = YES;
				CODE_SIGN_STYLE = Automatic;
				CURRENT_PROJECT_VERSION = 1;
				DEVELOPMENT_TEAM = 24Q962SK3B;
				GENERATE_INFOPLIST_FILE = YES;
				MARKETING_VERSION = 1.0;
				PRODUCT_BUNDLE_IDENTIFIER = com.haren724.ZstuRunnerUITests;
				PRODUCT_NAME = "$(TARGET_NAME)";
				SWIFT_EMIT_LOC_STRINGS = NO;
				SWIFT_VERSION = 5.0;
				TARGETED_DEVICE_FAMILY = "1,2";
				TEST_TARGET_NAME = ZstuRunner;
			};
			name = Debug;
		};
		91F992BE28575F3800745F77 /* Release */ = {
			isa = XCBuildConfiguration;
			buildSettings = {
				ALWAYS_EMBED_SWIFT_STANDARD_LIBRARIES = YES;
				CODE_SIGN_STYLE = Automatic;
				CURRENT_PROJECT_VERSION = 1;
				DEVELOPMENT_TEAM = 24Q962SK3B;
				GENERATE_INFOPLIST_FILE = YES;
				MARKETING_VERSION = 1.0;
				PRODUCT_BUNDLE_IDENTIFIER = com.haren724.ZstuRunnerUITests;
				PRODUCT_NAME = "$(TARGET_NAME)";
				SWIFT_EMIT_LOC_STRINGS = NO;
				SWIFT_VERSION = 5.0;
				TARGETED_DEVICE_FAMILY = "1,2";
				TEST_TARGET_NAME = ZstuRunner;
			};
			name = Release;
		};
/* End XCBuildConfiguration section */

/* Begin XCConfigurationList section */
		91F9928D28575F3600745F77 /* Build configuration list for PBXProject "ZstuRunner" */ = {
			isa = XCConfigurationList;
			buildConfigurations = (
				91F992B428575F3800745F77 /* Debug */,
				91F992B528575F3800745F77 /* Release */,
			);
			defaultConfigurationIsVisible = 0;
			defaultConfigurationName = Release;
		};
		91F992B628575F3800745F77 /* Build configuration list for PBXNativeTarget "ZstuRunner" */ = {
			isa = XCConfigurationList;
			buildConfigurations = (
				91F992B728575F3800745F77 /* Debug */,
				91F992B828575F3800745F77 /* Release */,
			);
			defaultConfigurationIsVisible = 0;
			defaultConfigurationName = Release;
		};
		91F992B928575F3800745F77 /* Build configuration list for PBXNativeTarget "ZstuRunnerTests" */ = {
			isa = XCConfigurationList;
			buildConfigurations = (
				91F992BA28575F3800745F77 /* Debug */,
				91F992BB28575F3800745F77 /* Release */,
			);
			defaultConfigurationIsVisible = 0;
			defaultConfigurationName = Release;
		};
		91F992BC28575F3800745F77 /* Build configuration list for PBXNativeTarget "ZstuRunnerUITests" */ = {
			isa = XCConfigurationList;
			buildConfigurations = (
				91F992BD28575F3800745F77 /* Debug */,
				91F992BE28575F3800745F77 /* Release */,
			);
			defaultConfigurationIsVisible = 0;
			defaultConfigurationName = Release;
		};
/* End XCConfigurationList section */

/* Begin XCRemoteSwiftPackageReference section */
		91A068BE2857742D00F3FBF0 /* XCRemoteSwiftPackageReference "GzipSwift" */ = {
			isa = XCRemoteSwiftPackageReference;
			repositoryURL = "https://github.com/1024jp/GzipSwift.git";
			requirement = {
				branch = develop;
				kind = branch;
			};
		};
/* End XCRemoteSwiftPackageReference section */

/* Begin XCSwiftPackageProductDependency section */
		91A068BF2857742D00F3FBF0 /* Gzip */ = {
			isa = XCSwiftPackageProductDependency;
			package = 91A068BE2857742D00F3FBF0 /* XCRemoteSwiftPackageReference "GzipSwift" */;
			productName = Gzip;
		};
/* End XCSwiftPackageProductDependency section */
	};
	rootObject = 91F9928A28575F3600745F77 /* Project object */;
}
